
Microsoft Visual Studio Solution File, Format Version 11.00
# Visual Studio 2010
Project("{FAE04EC0-301F-11D3-BF4B-00C04F79EFBC}") = "Gmail Notifier Plus", "Application\Gmail Notifier Plus.csproj", "{F1308EEC-69AB-4B73-AB3E-E3276A543F3D}"
EndProject
Project("{FAE04EC0-301F-11D3-BF4B-00C04F79EFBC}") = "Shellscape.Common", "External\Shellscape.Common\Shellscape.Common\Shellscape.Common.csproj", "{F7F1F64D-F6CD-42A9-B167-546E4EA31463}"
EndProject
Project("{FAE04EC0-301F-11D3-BF4B-00C04F79EFBC}") = "Windows API", "External\Shellscape.Common\Microsoft\Windows API\Windows API.csproj", "{B20A1853-BDC5-47D5-9369-3999BBD7F516}"
EndProject
Project("{54435603-DBB4-11D2-8724-00A0C9A8B90C}") = "Installer", "Installer\Installer.vdproj", "{52972B46-12FE-4E55-91C7-0D33B38C8450}"
EndProject
Global
	GlobalSection(SolutionConfigurationPlatforms) = preSolution
		CodeAnalysisDebug|Any CPU = CodeAnalysisDebug|Any CPU
		CodeAnalysisDebug|Mixed Platforms = CodeAnalysisDebug|Mixed Platforms
		CodeAnalysisDebug|x64 = CodeAnalysisDebug|x64
		CodeAnalysisDebug|x86 = CodeAnalysisDebug|x86
		Debug|Any CPU = Debug|Any CPU
		Debug|Mixed Platforms = Debug|Mixed Platforms
		Debug|x64 = Debug|x64
		Debug|x86 = Debug|x86
		Release|Any CPU = Release|Any CPU
		Release|Mixed Platforms = Release|Mixed Platforms
		Release|x64 = Release|x64
		Release|x86 = Release|x86
	EndGlobalSection
	GlobalSection(ProjectConfigurationPlatforms) = postSolution
		{F1308EEC-69AB-4B73-AB3E-E3276A543F3D}.CodeAnalysisDebug|Any CPU.ActiveCfg = Debug|Any CPU
		{F1308EEC-69AB-4B73-AB3E-E3276A543F3D}.CodeAnalysisDebug|Any CPU.Build.0 = Debug|Any CPU
		{F1308EEC-69AB-4B73-AB3E-E3276A543F3D}.CodeAnalysisDebug|Mixed Platforms.ActiveCfg = Debug|Any CPU
		{F1308EEC-69AB-4B73-AB3E-E3276A543F3D}.CodeAnalysisDebug|Mixed Platforms.Build.0 = Debug|Any CPU
		{F1308EEC-69AB-4B73-AB3E-E3276A543F3D}.CodeAnalysisDebug|x64.ActiveCfg = Debug|Any CPU
		{F1308EEC-69AB-4B73-AB3E-E3276A543F3D}.CodeAnalysisDebug|x86.ActiveCfg = Debug|Any CPU
		{F1308EEC-69AB-4B73-AB3E-E3276A543F3D}.Debug|Any CPU.ActiveCfg = Debug|Any CPU
		{F1308EEC-69AB-4B73-AB3E-E3276A543F3D}.Debug|Any CPU.Build.0 = Debug|Any CPU
		{F1308EEC-69AB-4B73-AB3E-E3276A543F3D}.Debug|Mixed Platforms.ActiveCfg = Debug|Any CPU
		{F1308EEC-69AB-4B73-AB3E-E3276A543F3D}.Debug|Mixed Platforms.Build.0 = Debug|Any CPU
		{F1308EEC-69AB-4B73-AB3E-E3276A543F3D}.Debug|x64.ActiveCfg = Debug|Any CPU
		{F1308EEC-69AB-4B73-AB3E-E3276A543F3D}.Debug|x86.ActiveCfg = Debug|Any CPU
		{F1308EEC-69AB-4B73-AB3E-E3276A543F3D}.Release|Any CPU.ActiveCfg = Release|Any CPU
		{F1308EEC-69AB-4B73-AB3E-E3276A543F3D}.Release|Any CPU.Build.0 = Release|Any CPU
		{F1308EEC-69AB-4B73-AB3E-E3276A543F3D}.Release|Mixed Platforms.ActiveCfg = Release|Any CPU
		{F1308EEC-69AB-4B73-AB3E-E3276A543F3D}.Release|Mixed Platforms.Build.0 = Release|Any CPU
		{F1308EEC-69AB-4B73-AB3E-E3276A543F3D}.Release|x64.ActiveCfg = Release|Any CPU
		{F1308EEC-69AB-4B73-AB3E-E3276A543F3D}.Release|x86.ActiveCfg = Release|Any CPU
		{F7F1F64D-F6CD-42A9-B167-546E4EA31463}.CodeAnalysisDebug|Any CPU.ActiveCfg = Debug|Any CPU
		{F7F1F64D-F6CD-42A9-B167-546E4EA31463}.CodeAnalysisDebug|Any CPU.Build.0 = Debug|Any CPU
		{F7F1F64D-F6CD-42A9-B167-546E4EA31463}.CodeAnalysisDebug|Mixed Platforms.ActiveCfg = Debug|Any CPU
		{F7F1F64D-F6CD-42A9-B167-546E4EA31463}.CodeAnalysisDebug|Mixed Platforms.Build.0 = Debug|Any CPU
		{F7F1F64D-F6CD-42A9-B167-546E4EA31463}.CodeAnalysisDebug|x64.ActiveCfg = Debug|Any CPU
		{F7F1F64D-F6CD-42A9-B167-546E4EA31463}.CodeAnalysisDebug|x86.ActiveCfg = Debug|Any CPU
		{F7F1F64D-F6CD-42A9-B167-546E4EA31463}.Debug|Any CPU.ActiveCfg = Debug|Any CPU
		{F7F1F64D-F6CD-42A9-B167-546E4EA31463}.Debug|Any CPU.Build.0 = Debug|Any CPU
		{F7F1F64D-F6CD-42A9-B167-546E4EA31463}.Debug|Mixed Platforms.ActiveCfg = Debug|Any CPU
		{F7F1F64D-F6CD-42A9-B167-546E4EA31463}.Debug|Mixed Platforms.Build.0 = Debug|Any CPU
		{F7F1F64D-F6CD-42A9-B167-546E4EA31463}.Debug|x64.ActiveCfg = Debug|Any CPU
		{F7F1F64D-F6CD-42A9-B167-546E4EA31463}.Debug|x86.ActiveCfg = Debug|Any CPU
		{F7F1F64D-F6CD-42A9-B167-546E4EA31463}.Release|Any CPU.ActiveCfg = Release|Any CPU
		{F7F1F64D-F6CD-42A9-B167-546E4EA31463}.Release|Any CPU.Build.0 = Release|Any CPU
		{F7F1F64D-F6CD-42A9-B167-546E4EA31463}.Release|Mixed Platforms.ActiveCfg = Release|Any CPU
		{F7F1F64D-F6CD-42A9-B167-546E4EA31463}.Release|Mixed Platforms.Build.0 = Release|Any CPU
		{F7F1F64D-F6CD-42A9-B167-546E4EA31463}.Release|x64.ActiveCfg = Release|Any CPU
		{F7F1F64D-F6CD-42A9-B167-546E4EA31463}.Release|x86.ActiveCfg = Release|Any CPU
		{B20A1853-BDC5-47D5-9369-3999BBD7F516}.CodeAnalysisDebug|Any CPU.ActiveCfg = Debug|Any CPU
		{B20A1853-BDC5-47D5-9369-3999BBD7F516}.CodeAnalysisDebug|Any CPU.Build.0 = Debug|Any CPU
		{B20A1853-BDC5-47D5-9369-3999BBD7F516}.CodeAnalysisDebug|Mixed Platforms.ActiveCfg = Debug|Any CPU
		{B20A1853-BDC5-47D5-9369-3999BBD7F516}.CodeAnalysisDebug|Mixed Platforms.Build.0 = Debug|Any CPU
		{B20A1853-BDC5-47D5-9369-3999BBD7F516}.CodeAnalysisDebug|x64.ActiveCfg = Debug|Any CPU
		{B20A1853-BDC5-47D5-9369-3999BBD7F516}.CodeAnalysisDebug|x86.ActiveCfg = Debug|Any CPU
		{B20A1853-BDC5-47D5-9369-3999BBD7F516}.Debug|Any CPU.ActiveCfg = Debug|Any CPU
		{B20A1853-BDC5-47D5-9369-3999BBD7F516}.Debug|Any CPU.Build.0 = Debug|Any CPU
		{B20A1853-BDC5-47D5-9369-3999BBD7F516}.Debug|Mixed Platforms.ActiveCfg = Debug|Any CPU
		{B20A1853-BDC5-47D5-9369-3999BBD7F516}.Debug|Mixed Platforms.Build.0 = Debug|Any CPU
		{B20A1853-BDC5-47D5-9369-3999BBD7F516}.Debug|x64.ActiveCfg = Debug|Any CPU
		{B20A1853-BDC5-47D5-9369-3999BBD7F516}.Debug|x86.ActiveCfg = Debug|Any CPU
		{B20A1853-BDC5-47D5-9369-3999BBD7F516}.Release|Any CPU.ActiveCfg = Release|Any CPU
		{B20A1853-BDC5-47D5-9369-3999BBD7F516}.Release|Any CPU.Build.0 = Release|Any CPU
		{B20A1853-BDC5-47D5-9369-3999BBD7F516}.Release|Mixed Platforms.ActiveCfg = Release|Any CPU
		{B20A1853-BDC5-47D5-9369-3999BBD7F516}.Release|Mixed Platforms.Build.0 = Release|Any CPU
		{B20A1853-BDC5-47D5-9369-3999BBD7F516}.Release|x64.ActiveCfg = Release|Any CPU
		{B20A1853-BDC5-47D5-9369-3999BBD7F516}.Release|x86.ActiveCfg = Release|Any CPU
		{52972B46-12FE-4E55-91C7-0D33B38C8450}.CodeAnalysisDebug|Any CPU.ActiveCfg = Debug
		{52972B46-12FE-4E55-91C7-0D33B38C8450}.CodeAnalysisDebug|Mixed Platforms.ActiveCfg = Debug
		{52972B46-12FE-4E55-91C7-0D33B38C8450}.CodeAnalysisDebug|x64.ActiveCfg = Debug
		{52972B46-12FE-4E55-91C7-0D33B38C8450}.CodeAnalysisDebug|x86.ActiveCfg = Debug
		{52972B46-12FE-4E55-91C7-0D33B38C8450}.Debug|Any CPU.ActiveCfg = Debug
		{52972B46-12FE-4E55-91C7-0D33B38C8450}.Debug|Mixed Platforms.ActiveCfg = Debug
		{52972B46-12FE-4E55-91C7-0D33B38C8450}.Debug|x64.ActiveCfg = Debug
		{52972B46-12FE-4E55-91C7-0D33B38C8450}.Debug|x86.ActiveCfg = Debug
		{52972B46-12FE-4E55-91C7-0D33B38C8450}.Release|Any CPU.ActiveCfg = Release
		{52972B46-12FE-4E55-91C7-0D33B38C8450}.Release|Mixed Platforms.ActiveCfg = Release
		{52972B46-12FE-4E55-91C7-0D33B38C8450}.Release|x64.ActiveCfg = Release
		{52972B46-12FE-4E55-91C7-0D33B38C8450}.Release|x86.ActiveCfg = Release
	EndGlobalSection
	GlobalSection(SolutionProperties) = preSolution
		HideSolutionNode = FALSE
	EndGlobalSection
EndGlobal
