
Microsoft Visual Studio Solution File, Format Version 11.00
# Visual Studio 2010
Project("{FAE04EC0-301F-11D3-BF4B-00C04F79EFBC}") = "Gmail Notifier Plus", "Application\Gmail Notifier Plus.csproj", "{F1308EEC-69AB-4B73-AB3E-E3276A543F3D}"
EndProject
Project("{FAE04EC0-301F-11D3-BF4B-00C04F79EFBC}") = "Shellscape.Lib", "..\Shellscape.Lib\Shellscape.Lib\Shellscape.Lib.csproj", "{F7F1F64D-F6CD-42A9-B167-546E4EA31463}"
EndProject
Project("{FAE04EC0-301F-11D3-BF4B-00C04F79EFBC}") = "Windows API Core", "..\Shellscape.Lib\Windows API Code Pack\Core\Windows API Core.csproj", "{2E1FB0DF-F9BB-4909-9F32-2D9D022A8E57}"
EndProject
Project("{FAE04EC0-301F-11D3-BF4B-00C04F79EFBC}") = "Windows API Shell", "..\Shellscape.Lib\Windows API Code Pack\Shell\Windows API Shell.csproj", "{AA0C00CB-8699-4F37-BFAE-40CA87ACC06D}"
EndProject
Global
	GlobalSection(SolutionConfigurationPlatforms) = preSolution
		CodeAnalysisDebug|Any CPU = CodeAnalysisDebug|Any CPU
		CodeAnalysisDebug|Mixed Platforms = CodeAnalysisDebug|Mixed Platforms
		CodeAnalysisDebug|x64 = CodeAnalysisDebug|x64
		CodeAnalysisDebug|x86 = CodeAnalysisDebug|x86
		Debug|Any CPU = Debug|Any CPU
		Debug|Mixed Platforms = Debug|Mixed Platforms
		Debug|x64 = Debug|x64
		Debug|x86 = Debug|x86
		Release|Any CPU = Release|Any CPU
		Release|Mixed Platforms = Release|Mixed Platforms
		Release|x64 = Release|x64
		Release|x86 = Release|x86
	EndGlobalSection
	GlobalSection(ProjectConfigurationPlatforms) = postSolution
		{F1308EEC-69AB-4B73-AB3E-E3276A543F3D}.CodeAnalysisDebug|Any CPU.ActiveCfg = Debug|Any CPU
		{F1308EEC-69AB-4B73-AB3E-E3276A543F3D}.CodeAnalysisDebug|Any CPU.Build.0 = Debug|Any CPU
		{F1308EEC-69AB-4B73-AB3E-E3276A543F3D}.CodeAnalysisDebug|Mixed Platforms.ActiveCfg = Debug|Any CPU
		{F1308EEC-69AB-4B73-AB3E-E3276A543F3D}.CodeAnalysisDebug|Mixed Platforms.Build.0 = Debug|Any CPU
		{F1308EEC-69AB-4B73-AB3E-E3276A543F3D}.CodeAnalysisDebug|x64.ActiveCfg = Debug|Any CPU
		{F1308EEC-69AB-4B73-AB3E-E3276A543F3D}.CodeAnalysisDebug|x86.ActiveCfg = Debug|Any CPU
		{F1308EEC-69AB-4B73-AB3E-E3276A543F3D}.Debug|Any CPU.ActiveCfg = Debug|Any CPU
		{F1308EEC-69AB-4B73-AB3E-E3276A543F3D}.Debug|Any CPU.Build.0 = Debug|Any CPU
		{F1308EEC-69AB-4B73-AB3E-E3276A543F3D}.Debug|Mixed Platforms.ActiveCfg = Debug|Any CPU
		{F1308EEC-69AB-4B73-AB3E-E3276A543F3D}.Debug|Mixed Platforms.Build.0 = Debug|Any CPU
		{F1308EEC-69AB-4B73-AB3E-E3276A543F3D}.Debug|x64.ActiveCfg = Debug|Any CPU
		{F1308EEC-69AB-4B73-AB3E-E3276A543F3D}.Debug|x86.ActiveCfg = Debug|Any CPU
		{F1308EEC-69AB-4B73-AB3E-E3276A543F3D}.Release|Any CPU.ActiveCfg = Release|Any CPU
		{F1308EEC-69AB-4B73-AB3E-E3276A543F3D}.Release|Any CPU.Build.0 = Release|Any CPU
		{F1308EEC-69AB-4B73-AB3E-E3276A543F3D}.Release|Mixed Platforms.ActiveCfg = Release|Any CPU
		{F1308EEC-69AB-4B73-AB3E-E3276A543F3D}.Release|Mixed Platforms.Build.0 = Release|Any CPU
		{F1308EEC-69AB-4B73-AB3E-E3276A543F3D}.Release|x64.ActiveCfg = Release|Any CPU
		{F1308EEC-69AB-4B73-AB3E-E3276A543F3D}.Release|x86.ActiveCfg = Release|Any CPU
		{F7F1F64D-F6CD-42A9-B167-546E4EA31463}.CodeAnalysisDebug|Any CPU.ActiveCfg = Debug|Any CPU
		{F7F1F64D-F6CD-42A9-B167-546E4EA31463}.CodeAnalysisDebug|Any CPU.Build.0 = Debug|Any CPU
		{F7F1F64D-F6CD-42A9-B167-546E4EA31463}.CodeAnalysisDebug|Mixed Platforms.ActiveCfg = Debug|Any CPU
		{F7F1F64D-F6CD-42A9-B167-546E4EA31463}.CodeAnalysisDebug|Mixed Platforms.Build.0 = Debug|Any CPU
		{F7F1F64D-F6CD-42A9-B167-546E4EA31463}.CodeAnalysisDebug|x64.ActiveCfg = Debug|Any CPU
		{F7F1F64D-F6CD-42A9-B167-546E4EA31463}.CodeAnalysisDebug|x86.ActiveCfg = Debug|Any CPU
		{F7F1F64D-F6CD-42A9-B167-546E4EA31463}.Debug|Any CPU.ActiveCfg = Debug|Any CPU
		{F7F1F64D-F6CD-42A9-B167-546E4EA31463}.Debug|Any CPU.Build.0 = Debug|Any CPU
		{F7F1F64D-F6CD-42A9-B167-546E4EA31463}.Debug|Mixed Platforms.ActiveCfg = Debug|Any CPU
		{F7F1F64D-F6CD-42A9-B167-546E4EA31463}.Debug|Mixed Platforms.Build.0 = Debug|Any CPU
		{F7F1F64D-F6CD-42A9-B167-546E4EA31463}.Debug|x64.ActiveCfg = Debug|Any CPU
		{F7F1F64D-F6CD-42A9-B167-546E4EA31463}.Debug|x86.ActiveCfg = Debug|Any CPU
		{F7F1F64D-F6CD-42A9-B167-546E4EA31463}.Release|Any CPU.ActiveCfg = Release|Any CPU
		{F7F1F64D-F6CD-42A9-B167-546E4EA31463}.Release|Any CPU.Build.0 = Release|Any CPU
		{F7F1F64D-F6CD-42A9-B167-546E4EA31463}.Release|Mixed Platforms.ActiveCfg = Release|Any CPU
		{F7F1F64D-F6CD-42A9-B167-546E4EA31463}.Release|Mixed Platforms.Build.0 = Release|Any CPU
		{F7F1F64D-F6CD-42A9-B167-546E4EA31463}.Release|x64.ActiveCfg = Release|Any CPU
		{F7F1F64D-F6CD-42A9-B167-546E4EA31463}.Release|x86.ActiveCfg = Release|Any CPU
		{2E1FB0DF-F9BB-4909-9F32-2D9D022A8E57}.CodeAnalysisDebug|Any CPU.ActiveCfg = Debug|Any CPU
		{2E1FB0DF-F9BB-4909-9F32-2D9D022A8E57}.CodeAnalysisDebug|Any CPU.Build.0 = Debug|Any CPU
		{2E1FB0DF-F9BB-4909-9F32-2D9D022A8E57}.CodeAnalysisDebug|Mixed Platforms.ActiveCfg = Debug|x64
		{2E1FB0DF-F9BB-4909-9F32-2D9D022A8E57}.CodeAnalysisDebug|Mixed Platforms.Build.0 = Debug|x64
		{2E1FB0DF-F9BB-4909-9F32-2D9D022A8E57}.CodeAnalysisDebug|x64.ActiveCfg = Debug|x64
		{2E1FB0DF-F9BB-4909-9F32-2D9D022A8E57}.CodeAnalysisDebug|x64.Build.0 = Debug|x64
		{2E1FB0DF-F9BB-4909-9F32-2D9D022A8E57}.CodeAnalysisDebug|x86.ActiveCfg = Debug|x64
		{2E1FB0DF-F9BB-4909-9F32-2D9D022A8E57}.Debug|Any CPU.ActiveCfg = Debug|Any CPU
		{2E1FB0DF-F9BB-4909-9F32-2D9D022A8E57}.Debug|Any CPU.Build.0 = Debug|Any CPU
		{2E1FB0DF-F9BB-4909-9F32-2D9D022A8E57}.Debug|Mixed Platforms.ActiveCfg = Debug|x64
		{2E1FB0DF-F9BB-4909-9F32-2D9D022A8E57}.Debug|Mixed Platforms.Build.0 = Debug|x64
		{2E1FB0DF-F9BB-4909-9F32-2D9D022A8E57}.Debug|x64.ActiveCfg = Debug|x64
		{2E1FB0DF-F9BB-4909-9F32-2D9D022A8E57}.Debug|x64.Build.0 = Debug|x64
		{2E1FB0DF-F9BB-4909-9F32-2D9D022A8E57}.Debug|x86.ActiveCfg = Debug|x64
		{2E1FB0DF-F9BB-4909-9F32-2D9D022A8E57}.Release|Any CPU.ActiveCfg = Release|Any CPU
		{2E1FB0DF-F9BB-4909-9F32-2D9D022A8E57}.Release|Any CPU.Build.0 = Release|Any CPU
		{2E1FB0DF-F9BB-4909-9F32-2D9D022A8E57}.Release|Mixed Platforms.ActiveCfg = Release|x64
		{2E1FB0DF-F9BB-4909-9F32-2D9D022A8E57}.Release|Mixed Platforms.Build.0 = Release|x64
		{2E1FB0DF-F9BB-4909-9F32-2D9D022A8E57}.Release|x64.ActiveCfg = Release|x64
		{2E1FB0DF-F9BB-4909-9F32-2D9D022A8E57}.Release|x64.Build.0 = Release|x64
		{2E1FB0DF-F9BB-4909-9F32-2D9D022A8E57}.Release|x86.ActiveCfg = Release|x64
		{AA0C00CB-8699-4F37-BFAE-40CA87ACC06D}.CodeAnalysisDebug|Any CPU.ActiveCfg = CodeAnalysisDebug|Any CPU
		{AA0C00CB-8699-4F37-BFAE-40CA87ACC06D}.CodeAnalysisDebug|Any CPU.Build.0 = CodeAnalysisDebug|Any CPU
		{AA0C00CB-8699-4F37-BFAE-40CA87ACC06D}.CodeAnalysisDebug|Mixed Platforms.ActiveCfg = CodeAnalysisDebug|x64
		{AA0C00CB-8699-4F37-BFAE-40CA87ACC06D}.CodeAnalysisDebug|Mixed Platforms.Build.0 = CodeAnalysisDebug|x64
		{AA0C00CB-8699-4F37-BFAE-40CA87ACC06D}.CodeAnalysisDebug|x64.ActiveCfg = CodeAnalysisDebug|x64
		{AA0C00CB-8699-4F37-BFAE-40CA87ACC06D}.CodeAnalysisDebug|x64.Build.0 = CodeAnalysisDebug|x64
		{AA0C00CB-8699-4F37-BFAE-40CA87ACC06D}.CodeAnalysisDebug|x86.ActiveCfg = CodeAnalysisDebug|x64
		{AA0C00CB-8699-4F37-BFAE-40CA87ACC06D}.Debug|Any CPU.ActiveCfg = Debug|Any CPU
		{AA0C00CB-8699-4F37-BFAE-40CA87ACC06D}.Debug|Any CPU.Build.0 = Debug|Any CPU
		{AA0C00CB-8699-4F37-BFAE-40CA87ACC06D}.Debug|Mixed Platforms.ActiveCfg = Debug|x64
		{AA0C00CB-8699-4F37-BFAE-40CA87ACC06D}.Debug|Mixed Platforms.Build.0 = Debug|x64
		{AA0C00CB-8699-4F37-BFAE-40CA87ACC06D}.Debug|x64.ActiveCfg = Debug|x64
		{AA0C00CB-8699-4F37-BFAE-40CA87ACC06D}.Debug|x64.Build.0 = Debug|x64
		{AA0C00CB-8699-4F37-BFAE-40CA87ACC06D}.Debug|x86.ActiveCfg = Debug|x64
		{AA0C00CB-8699-4F37-BFAE-40CA87ACC06D}.Release|Any CPU.ActiveCfg = Release|Any CPU
		{AA0C00CB-8699-4F37-BFAE-40CA87ACC06D}.Release|Any CPU.Build.0 = Release|Any CPU
		{AA0C00CB-8699-4F37-BFAE-40CA87ACC06D}.Release|Mixed Platforms.ActiveCfg = Release|x64
		{AA0C00CB-8699-4F37-BFAE-40CA87ACC06D}.Release|Mixed Platforms.Build.0 = Release|x64
		{AA0C00CB-8699-4F37-BFAE-40CA87ACC06D}.Release|x64.ActiveCfg = Release|x64
		{AA0C00CB-8699-4F37-BFAE-40CA87ACC06D}.Release|x64.Build.0 = Release|x64
		{AA0C00CB-8699-4F37-BFAE-40CA87ACC06D}.Release|x86.ActiveCfg = Release|x64
	EndGlobalSection
	GlobalSection(SolutionProperties) = preSolution
		HideSolutionNode = FALSE
	EndGlobalSection
EndGlobal
