
Microsoft Visual Studio Solution File, Format Version 12.00
# Visual Studio 2012
Project("{FAE04EC0-301F-11D3-BF4B-00C04F79EFBC}") = "Gmail Notifier Plus", "Application\Gmail Notifier Plus.csproj", "{F1308EEC-69AB-4B73-AB3E-E3276A543F3D}"
EndProject
Project("{FAE04EC0-301F-11D3-BF4B-00C04F79EFBC}") = "Shellscape.Common", "External\Shellscape.Common\Shellscape.Common\Shellscape.Common.csproj", "{F7F1F64D-F6CD-42A9-B167-546E4EA31463}"
EndProject
Project("{FAE04EC0-301F-11D3-BF4B-00C04F79EFBC}") = "Windows API", "External\Shellscape.Common\Microsoft\Windows API\Windows API.csproj", "{B20A1853-BDC5-47D5-9369-3999BBD7F516}"
EndProject
Project("{930C7802-8A8C-48F9-8165-68863BCCD9DD}") = "Installer", "Installer\Installer.wixproj", "{04567B92-BA0F-4548-9B10-78D105AE1D65}"
EndProject
Project("{2150E333-8FDC-42A3-9474-1A3956D46DE8}") = "Solution Items", "Solution Items", "{E80B4792-3F1C-4B9C-950D-51ED344F3D7E}"
	ProjectSection(SolutionItems) = preProject
		CHANGES.md = CHANGES.md
		pad.xml = pad.xml
		README.md = README.md
	EndProjectSection
EndProject
Global
	GlobalSection(SolutionConfigurationPlatforms) = preSolution
		CodeAnalysisDebug|Any CPU = CodeAnalysisDebug|Any CPU
		CodeAnalysisDebug|Mixed Platforms = CodeAnalysisDebug|Mixed Platforms
		CodeAnalysisDebug|x64 = CodeAnalysisDebug|x64
		CodeAnalysisDebug|x86 = CodeAnalysisDebug|x86
		Debug|Any CPU = Debug|Any CPU
		Debug|Mixed Platforms = Debug|Mixed Platforms
		Debug|x64 = Debug|x64
		Debug|x86 = Debug|x86
		Release|Any CPU = Release|Any CPU
		Release|Mixed Platforms = Release|Mixed Platforms
		Release|x64 = Release|x64
		Release|x86 = Release|x86
	EndGlobalSection
	GlobalSection(ProjectConfigurationPlatforms) = postSolution
		{F1308EEC-69AB-4B73-AB3E-E3276A543F3D}.CodeAnalysisDebug|Any CPU.ActiveCfg = Debug|Any CPU
		{F1308EEC-69AB-4B73-AB3E-E3276A543F3D}.CodeAnalysisDebug|Any CPU.Build.0 = Debug|Any CPU
		{F1308EEC-69AB-4B73-AB3E-E3276A543F3D}.CodeAnalysisDebug|Mixed Platforms.ActiveCfg = Debug|Any CPU
		{F1308EEC-69AB-4B73-AB3E-E3276A543F3D}.CodeAnalysisDebug|Mixed Platforms.Build.0 = Debug|Any CPU
		{F1308EEC-69AB-4B73-AB3E-E3276A543F3D}.CodeAnalysisDebug|x64.ActiveCfg = Debug|Any CPU
		{F1308EEC-69AB-4B73-AB3E-E3276A543F3D}.CodeAnalysisDebug|x86.ActiveCfg = Debug|Any CPU
		{F1308EEC-69AB-4B73-AB3E-E3276A543F3D}.Debug|Any CPU.ActiveCfg = Debug|Any CPU
		{F1308EEC-69AB-4B73-AB3E-E3276A543F3D}.Debug|Any CPU.Build.0 = Debug|Any CPU
		{F1308EEC-69AB-4B73-AB3E-E3276A543F3D}.Debug|Mixed Platforms.ActiveCfg = Debug|Any CPU
		{F1308EEC-69AB-4B73-AB3E-E3276A543F3D}.Debug|Mixed Platforms.Build.0 = Debug|Any CPU
		{F1308EEC-69AB-4B73-AB3E-E3276A543F3D}.Debug|x64.ActiveCfg = Debug|Any CPU
		{F1308EEC-69AB-4B73-AB3E-E3276A543F3D}.Debug|x86.ActiveCfg = Debug|Any CPU
		{F1308EEC-69AB-4B73-AB3E-E3276A543F3D}.Release|Any CPU.ActiveCfg = Release|Any CPU
		{F1308EEC-69AB-4B73-AB3E-E3276A543F3D}.Release|Any CPU.Build.0 = Release|Any CPU
		{F1308EEC-69AB-4B73-AB3E-E3276A543F3D}.Release|Mixed Platforms.ActiveCfg = Release|Any CPU
		{F1308EEC-69AB-4B73-AB3E-E3276A543F3D}.Release|Mixed Platforms.Build.0 = Release|Any CPU
		{F1308EEC-69AB-4B73-AB3E-E3276A543F3D}.Release|x64.ActiveCfg = Release|Any CPU
		{F1308EEC-69AB-4B73-AB3E-E3276A543F3D}.Release|x86.ActiveCfg = Release|Any CPU
		{F7F1F64D-F6CD-42A9-B167-546E4EA31463}.CodeAnalysisDebug|Any CPU.ActiveCfg = Debug|Any CPU
		{F7F1F64D-F6CD-42A9-B167-546E4EA31463}.CodeAnalysisDebug|Any CPU.Build.0 = Debug|Any CPU
		{F7F1F64D-F6CD-42A9-B167-546E4EA31463}.CodeAnalysisDebug|Mixed Platforms.ActiveCfg = Debug|Any CPU
		{F7F1F64D-F6CD-42A9-B167-546E4EA31463}.CodeAnalysisDebug|Mixed Platforms.Build.0 = Debug|Any CPU
		{F7F1F64D-F6CD-42A9-B167-546E4EA31463}.CodeAnalysisDebug|x64.ActiveCfg = Debug|Any CPU
		{F7F1F64D-F6CD-42A9-B167-546E4EA31463}.CodeAnalysisDebug|x86.ActiveCfg = Debug|Any CPU
		{F7F1F64D-F6CD-42A9-B167-546E4EA31463}.Debug|Any CPU.ActiveCfg = Debug|Any CPU
		{F7F1F64D-F6CD-42A9-B167-546E4EA31463}.Debug|Any CPU.Build.0 = Debug|Any CPU
		{F7F1F64D-F6CD-42A9-B167-546E4EA31463}.Debug|Mixed Platforms.ActiveCfg = Debug|Any CPU
		{F7F1F64D-F6CD-42A9-B167-546E4EA31463}.Debug|Mixed Platforms.Build.0 = Debug|Any CPU
		{F7F1F64D-F6CD-42A9-B167-546E4EA31463}.Debug|x64.ActiveCfg = Debug|Any CPU
		{F7F1F64D-F6CD-42A9-B167-546E4EA31463}.Debug|x86.ActiveCfg = Debug|Any CPU
		{F7F1F64D-F6CD-42A9-B167-546E4EA31463}.Release|Any CPU.ActiveCfg = Release|Any CPU
		{F7F1F64D-F6CD-42A9-B167-546E4EA31463}.Release|Any CPU.Build.0 = Release|Any CPU
		{F7F1F64D-F6CD-42A9-B167-546E4EA31463}.Release|Mixed Platforms.ActiveCfg = Release|Any CPU
		{F7F1F64D-F6CD-42A9-B167-546E4EA31463}.Release|Mixed Platforms.Build.0 = Release|Any CPU
		{F7F1F64D-F6CD-42A9-B167-546E4EA31463}.Release|x64.ActiveCfg = Release|Any CPU
		{F7F1F64D-F6CD-42A9-B167-546E4EA31463}.Release|x86.ActiveCfg = Release|Any CPU
		{B20A1853-BDC5-47D5-9369-3999BBD7F516}.CodeAnalysisDebug|Any CPU.ActiveCfg = Debug|Any CPU
		{B20A1853-BDC5-47D5-9369-3999BBD7F516}.CodeAnalysisDebug|Any CPU.Build.0 = Debug|Any CPU
		{B20A1853-BDC5-47D5-9369-3999BBD7F516}.CodeAnalysisDebug|Mixed Platforms.ActiveCfg = Debug|Any CPU
		{B20A1853-BDC5-47D5-9369-3999BBD7F516}.CodeAnalysisDebug|Mixed Platforms.Build.0 = Debug|Any CPU
		{B20A1853-BDC5-47D5-9369-3999BBD7F516}.CodeAnalysisDebug|x64.ActiveCfg = Debug|Any CPU
		{B20A1853-BDC5-47D5-9369-3999BBD7F516}.CodeAnalysisDebug|x86.ActiveCfg = Debug|Any CPU
		{B20A1853-BDC5-47D5-9369-3999BBD7F516}.Debug|Any CPU.ActiveCfg = Debug|Any CPU
		{B20A1853-BDC5-47D5-9369-3999BBD7F516}.Debug|Any CPU.Build.0 = Debug|Any CPU
		{B20A1853-BDC5-47D5-9369-3999BBD7F516}.Debug|Mixed Platforms.ActiveCfg = Debug|Any CPU
		{B20A1853-BDC5-47D5-9369-3999BBD7F516}.Debug|Mixed Platforms.Build.0 = Debug|Any CPU
		{B20A1853-BDC5-47D5-9369-3999BBD7F516}.Debug|x64.ActiveCfg = Debug|Any CPU
		{B20A1853-BDC5-47D5-9369-3999BBD7F516}.Debug|x86.ActiveCfg = Debug|Any CPU
		{B20A1853-BDC5-47D5-9369-3999BBD7F516}.Release|Any CPU.ActiveCfg = Release|Any CPU
		{B20A1853-BDC5-47D5-9369-3999BBD7F516}.Release|Any CPU.Build.0 = Release|Any CPU
		{B20A1853-BDC5-47D5-9369-3999BBD7F516}.Release|Mixed Platforms.ActiveCfg = Release|Any CPU
		{B20A1853-BDC5-47D5-9369-3999BBD7F516}.Release|Mixed Platforms.Build.0 = Release|Any CPU
		{B20A1853-BDC5-47D5-9369-3999BBD7F516}.Release|x64.ActiveCfg = Release|Any CPU
		{B20A1853-BDC5-47D5-9369-3999BBD7F516}.Release|x86.ActiveCfg = Release|Any CPU
		{04567B92-BA0F-4548-9B10-78D105AE1D65}.CodeAnalysisDebug|Any CPU.ActiveCfg = Debug|x86
		{04567B92-BA0F-4548-9B10-78D105AE1D65}.CodeAnalysisDebug|Mixed Platforms.ActiveCfg = Debug|x86
		{04567B92-BA0F-4548-9B10-78D105AE1D65}.CodeAnalysisDebug|Mixed Platforms.Build.0 = Debug|x86
		{04567B92-BA0F-4548-9B10-78D105AE1D65}.CodeAnalysisDebug|x64.ActiveCfg = Debug|x86
		{04567B92-BA0F-4548-9B10-78D105AE1D65}.CodeAnalysisDebug|x86.ActiveCfg = Debug|x86
		{04567B92-BA0F-4548-9B10-78D105AE1D65}.CodeAnalysisDebug|x86.Build.0 = Debug|x86
		{04567B92-BA0F-4548-9B10-78D105AE1D65}.Debug|Any CPU.ActiveCfg = Debug|x86
		{04567B92-BA0F-4548-9B10-78D105AE1D65}.Debug|Mixed Platforms.ActiveCfg = Debug|x86
		{04567B92-BA0F-4548-9B10-78D105AE1D65}.Debug|Mixed Platforms.Build.0 = Debug|x86
		{04567B92-BA0F-4548-9B10-78D105AE1D65}.Debug|x64.ActiveCfg = Debug|x86
		{04567B92-BA0F-4548-9B10-78D105AE1D65}.Debug|x86.ActiveCfg = Debug|x86
		{04567B92-BA0F-4548-9B10-78D105AE1D65}.Debug|x86.Build.0 = Debug|x86
		{04567B92-BA0F-4548-9B10-78D105AE1D65}.Release|Any CPU.ActiveCfg = Release|x86
		{04567B92-BA0F-4548-9B10-78D105AE1D65}.Release|Mixed Platforms.ActiveCfg = Release|x86
		{04567B92-BA0F-4548-9B10-78D105AE1D65}.Release|Mixed Platforms.Build.0 = Release|x86
		{04567B92-BA0F-4548-9B10-78D105AE1D65}.Release|x64.ActiveCfg = Release|x86
		{04567B92-BA0F-4548-9B10-78D105AE1D65}.Release|x86.ActiveCfg = Release|x86
		{04567B92-BA0F-4548-9B10-78D105AE1D65}.Release|x86.Build.0 = Release|x86
	EndGlobalSection
	GlobalSection(SolutionProperties) = preSolution
		HideSolutionNode = FALSE
	EndGlobalSection
EndGlobal
